// !$*UTF8*$!
{
	archiveVersion = 1;
	classes = {
	};
	objectVersion = 77;
	objects = {

/* Begin PBXContainerItemProxy section */
		7B891D892F30293300281E70 /* PBXContainerItemProxy */ = {
			isa = PBXContainerItemProxy;
			containerPortal = 7B891D732F30293000281E70 /* Project object */;
			proxyType = 1;
			remoteGlobalIDString = 7B891D7A2F30293100281E70;
			remoteInfo = "Privacy-First Logic";
		};
		7B891D932F30293400281E70 /* PBXContainerItemProxy */ = {
			isa = PBXContainerItemProxy;
			containerPortal = 7B891D732F30293000281E70 /* Project object */;
			proxyType = 1;
			remoteGlobalIDString = 7B891D7A2F30293100281E70;
			remoteInfo = "Privacy-First Logic";
		};
/* End PBXContainerItemProxy section */

/* Begin PBXFileReference section */
		7B891D7B2F30293100281E70 /* Privacy-First Logic.app */ = {isa = PBXFileReference; explicitFileType = wrapper.application; includeInIndex = 0; path = "Privacy-First Logic.app"; sourceTree = BUILT_PRODUCTS_DIR; };
		7B891D882F30293300281E70 /* Privacy-First LogicTests.xctest */ = {isa = PBXFileReference; explicitFileType = wrapper.cfbundle; includeInIndex = 0; path = "Privacy-First LogicTests.xctest"; sourceTree = BUILT_PRODUCTS_DIR; };
		7B891D922F30293400281E70 /* Privacy-First LogicUITests.xctest */ = {isa = PBXFileReference; explicitFileType = wrapper.cfbundle; includeInIndex = 0; path = "Privacy-First LogicUITests.xctest"; sourceTree = BUILT_PRODUCTS_DIR; };
/* End PBXFileReference section */

/* Begin PBXFileSystemSynchronizedRootGroup section */
		7B891D7D2F30293100281E70 /* Privacy-First Logic */ = {
			isa = PBXFileSystemSynchronizedRootGroup;
			path = "Privacy-First Logic";
			sourceTree = "<group>";
		};
		7B891D8B2F30293300281E70 /* Privacy-First LogicTests */ = {
			isa = PBXFileSystemSynchronizedRootGroup;
			path = "Privacy-First LogicTests";
			sourceTree = "<group>";
		};
		7B891D952F30293400281E70 /* Privacy-First LogicUITests */ = {
			isa = PBXFileSystemSynchronizedRootGroup;
			path = "Privacy-First LogicUITests";
			sourceTree = "<group>";
		};
/* End PBXFileSystemSynchronizedRootGroup section */

/* Begin PBXFrameworksBuildPhase section */
		7B891D782F30293100281E70 /* Frameworks */ = {
			isa = PBXFrameworksBuildPhase;
			buildActionMask = 2147483647;
			files = (
			);
			runOnlyForDeploymentPostprocessing = 0;
		};
		7B891D852F30293300281E70 /* Frameworks */ = {
			isa = PBXFrameworksBuildPhase;
			buildActionMask = 2147483647;
			files = (
			);
			runOnlyForDeploymentPostprocessing = 0;
		};
		7B891D8F2F30293400281E70 /* Frameworks */ = {
			isa = PBXFrameworksBuildPhase;
			buildActionMask = 2147483647;
			files = (
			);
			runOnlyForDeploymentPostprocessing = 0;
		};
/* End PBXFrameworksBuildPhase section */

/* Begin PBXGroup section */
		7B891D722F30293000281E70 = {
			isa = PBXGroup;
			children = (
				7B891D7D2F30293100281E70 /* Privacy-First Logic */,
				7B891D8B2F30293300281E70 /* Privacy-First LogicTests */,
				7B891D952F30293400281E70 /* Privacy-First LogicUITests */,
				7B891D7C2F30293100281E70 /* Products */,
			);
			sourceTree = "<group>";
		};
		7B891D7C2F30293100281E70 /* Products */ = {
			isa = PBXGroup;
			children = (
				7B891D7B2F30293100281E70 /* Privacy-First Logic.app */,
				7B891D882F30293300281E70 /* Privacy-First LogicTests.xctest */,
				7B891D922F30293400281E70 /* Privacy-First LogicUITests.xctest */,
			);
			name = Products;
			sourceTree = "<group>";
		};
/* End PBXGroup section */

/* Begin PBXNativeTarget section */
		7B891D7A2F30293100281E70 /* Privacy-First Logic */ = {
			isa = PBXNativeTarget;
			buildConfigurationList = 7B891D9C2F30293400281E70 /* Build configuration list for PBXNativeTarget "Privacy-First Logic" */;
			buildPhases = (
				7B891D772F30293100281E70 /* Sources */,
				7B891D782F30293100281E70 /* Frameworks */,
				7B891D792F30293100281E70 /* Resources */,
			);
			buildRules = (
			);
			dependencies = (
			);
			fileSystemSynchronizedGroups = (
				7B891D7D2F30293100281E70 /* Privacy-First Logic */,
			);
			name = "Privacy-First Logic";
			packageProductDependencies = (
			);
			productName = "Privacy-First Logic";
			productReference = 7B891D7B2F30293100281E70 /* Privacy-First Logic.app */;
			productType = "com.apple.product-type.application";
		};
		7B891D872F30293300281E70 /* Privacy-First LogicTests */ = {
			isa = PBXNativeTarget;
			buildConfigurationList = 7B891D9F2F30293400281E70 /* Build configuration list for PBXNativeTarget "Privacy-First LogicTests" */;
			buildPhases = (
				7B891D842F30293300281E70 /* Sources */,
				7B891D852F30293300281E70 /* Frameworks */,
				7B891D862F30293300281E70 /* Resources */,
			);
			buildRules = (
			);
			dependencies = (
				7B891D8A2F30293300281E70 /* PBXTargetDependency */,
			);
			fileSystemSynchronizedGroups = (
				7B891D8B2F30293300281E70 /* Privacy-First LogicTests */,
			);
			name = "Privacy-First LogicTests";
			packageProductDependencies = (
			);
			productName = "Privacy-First LogicTests";
			productReference = 7B891D882F30293300281E70 /* Privacy-First LogicTests.xctest */;
			productType = "com.apple.product-type.bundle.unit-test";
		};
		7B891D912F30293400281E70 /* Privacy-First LogicUITests */ = {
			isa = PBXNativeTarget;
			buildConfigurationList = 7B891DA22F30293400281E70 /* Build configuration list for PBXNativeTarget "Privacy-First LogicUITests" */;
			buildPhases = (
				7B891D8E2F30293400281E70 /* Sources */,
				7B891D8F2F30293400281E70 /* Frameworks */,
				7B891D902F30293400281E70 /* Resources */,
			);
			buildRules = (
			);
			dependencies = (
				7B891D942F30293400281E70 /* PBXTargetDependency */,
			);
			fileSystemSynchronizedGroups = (
				7B891D952F30293400281E70 /* Privacy-First LogicUITests */,
			);
			name = "Privacy-First LogicUITests";
			packageProductDependencies = (
			);
			productName = "Privacy-First LogicUITests";
			productReference = 7B891D922F30293400281E70 /* Privacy-First LogicUITests.xctest */;
			productType = "com.apple.product-type.bundle.ui-testing";
		};
/* End PBXNativeTarget section */

/* Begin PBXProject section */
		7B891D732F30293000281E70 /* Project object */ = {
			isa = PBXProject;
			attributes = {
				BuildIndependentTargetsInParallel = 1;
				LastSwiftUpdateCheck = 1640;
				LastUpgradeCheck = 1640;
				TargetAttributes = {
					7B891D7A2F30293100281E70 = {
						CreatedOnToolsVersion = 16.4;
					};
					7B891D872F30293300281E70 = {
						CreatedOnToolsVersion = 16.4;
						TestTargetID = 7B891D7A2F30293100281E70;
					};
					7B891D912F30293400281E70 = {
						CreatedOnToolsVersion = 16.4;
						TestTargetID = 7B891D7A2F30293100281E70;
					};
				};
			};
			buildConfigurationList = 7B891D762F30293000281E70 /* Build configuration list for PBXProject "Privacy-First Logic" */;
			developmentRegion = en;
			hasScannedForEncodings = 0;
			knownRegions = (
				en,
				Base,
			);
			mainGroup = 7B891D722F30293000281E70;
			minimizedProjectReferenceProxies = 1;
			preferredProjectObjectVersion = 77;
			productRefGroup = 7B891D7C2F30293100281E70 /* Products */;
			projectDirPath = "";
			projectRoot = "";
			targets = (
				7B891D7A2F30293100281E70 /* Privacy-First Logic */,
				7B891D872F30293300281E70 /* Privacy-First LogicTests */,
				7B891D912F30293400281E70 /* Privacy-First LogicUITests */,
			);
		};
/* End PBXProject section */

/* Begin PBXResourcesBuildPhase section */
		7B891D792F30293100281E70 /* Resources */ = {
			isa = PBXResourcesBuildPhase;
			buildActionMask = 2147483647;
			files = (
			);
			runOnlyForDeploymentPostprocessing = 0;
		};
		7B891D862F30293300281E70 /* Resources */ = {
			isa = PBXResourcesBuildPhase;
			buildActionMask = 2147483647;
			files = (
			);
			runOnlyForDeploymentPostprocessing = 0;
		};
		7B891D902F30293400281E70 /* Resources */ = {
			isa = PBXResourcesBuildPhase;
			buildActionMask = 2147483647;
			files = (
			);
			runOnlyForDeploymentPostprocessing = 0;
		};
/* End PBXResourcesBuildPhase section */

/* Begin PBXSourcesBuildPhase section */
		7B891D772F30293100281E70 /* Sources */ = {
			isa = PBXSourcesBuildPhase;
			buildActionMask = 2147483647;
			files = (
			);
			runOnlyForDeploymentPostprocessing = 0;
		};
		7B891D842F30293300281E70 /* Sources */ = {
			isa = PBXSourcesBuildPhase;
			buildActionMask = 2147483647;
			files = (
			);
			runOnlyForDeploymentPostprocessing = 0;
		};
		7B891D8E2F30293400281E70 /* Sources */ = {
			isa = PBXSourcesBuildPhase;
			buildActionMask = 2147483647;
			files = (
			);
			runOnlyForDeploymentPostprocessing = 0;
		};
/* End PBXSourcesBuildPhase section */

/* Begin PBXTargetDependency section */
		7B891D8A2F30293300281E70 /* PBXTargetDependency */ = {
			isa = PBXTargetDependency;
			target = 7B891D7A2F30293100281E70 /* Privacy-First Logic */;
			targetProxy = 7B891D892F30293300281E70 /* PBXContainerItemProxy */;
		};
		7B891D942F30293400281E70 /* PBXTargetDependency */ = {
			isa = PBXTargetDependency;
			target = 7B891D7A2F30293100281E70 /* Privacy-First Logic */;
			targetProxy = 7B891D932F30293400281E70 /* PBXContainerItemProxy */;
		};
/* End PBXTargetDependency section */

/* Begin XCBuildConfiguration section */
		7B891D9A2F30293400281E70 /* Debug */ = {
			isa = XCBuildConfiguration;
			buildSettings = {
				ALWAYS_SEARCH_USER_PATHS = NO;
				ASSETCATALOG_COMPILER_GENERATE_SWIFT_ASSET_SYMBOL_EXTENSIONS = YES;
				CLANG_ANALYZER_NONNULL = YES;
				CLANG_ANALYZER_NUMBER_OBJECT_CONVERSION = YES_AGGRESSIVE;
				CLANG_CXX_LANGUAGE_STANDARD = "gnu++20";
				CLANG_ENABLE_MODULES = YES;
				CLANG_ENABLE_OBJC_ARC = YES;
				CLANG_ENABLE_OBJC_WEAK = YES;
				CLANG_WARN_BLOCK_CAPTURE_AUTORELEASING = YES;
				CLANG_WARN_BOOL_CONVERSION = YES;
				CLANG_WARN_COMMA = YES;
				CLANG_WARN_CONSTANT_CONVERSION = YES;
				CLANG_WARN_DEPRECATED_OBJC_IMPLEMENTATIONS = YES;
				CLANG_WARN_DIRECT_OBJC_ISA_USAGE = YES_ERROR;
				CLANG_WARN_DOCUMENTATION_COMMENTS = YES;
				CLANG_WARN_EMPTY_BODY = YES;
				CLANG_WARN_ENUM_CONVERSION = YES;
				CLANG_WARN_INFINITE_RECURSION = YES;
				CLANG_WARN_INT_CONVERSION = YES;
				CLANG_WARN_NON_LITERAL_NULL_CONVERSION = YES;
				CLANG_WARN_OBJC_IMPLICIT_RETAIN_SELF = YES;
				CLANG_WARN_OBJC_LITERAL_CONVERSION = YES;
				CLANG_WARN_OBJC_ROOT_CLASS = YES_ERROR;
				CLANG_WARN_QUOTED_INCLUDE_IN_FRAMEWORK_HEADER = YES;
				CLANG_WARN_RANGE_LOOP_ANALYSIS = YES;
				CLANG_WARN_STRICT_PROTOTYPES = YES;
				CLANG_WARN_SUSPICIOUS_MOVE = YES;
				CLANG_WARN_UNGUARDED_AVAILABILITY = YES_AGGRESSIVE;
				CLANG_WARN_UNREACHABLE_CODE = YES;
				CLANG_WARN__DUPLICATE_METHOD_MATCH = YES;
				COPY_PHASE_STRIP = NO;
				DEBUG_INFORMATION_FORMAT = dwarf;
				ENABLE_STRICT_OBJC_MSGSEND = YES;
				ENABLE_TESTABILITY = YES;
				ENABLE_USER_SCRIPT_SANDBOXING = YES;
				GCC_C_LANGUAGE_STANDARD = gnu17;
				GCC_DYNAMIC_NO_PIC = NO;
				GCC_NO_COMMON_BLOCKS = YES;
				GCC_OPTIMIZATION_LEVEL = 0;
				GCC_PREPROCESSOR_DEFINITIONS = (
					"DEBUG=1",
					"$(inherited)",
				);
				GCC_WARN_64_TO_32_BIT_CONVERSION = YES;
				GCC_WARN_ABOUT_RETURN_TYPE = YES_ERROR;
				GCC_WARN_UNDECLARED_SELECTOR = YES;
				GCC_WARN_UNINITIALIZED_AUTOS = YES_AGGRESSIVE;
				GCC_WARN_UNUSED_FUNCTION = YES;
				GCC_WARN_UNUSED_VARIABLE = YES;
				IPHONEOS_DEPLOYMENT_TARGET = 18.5;
				LOCALIZATION_PREFERS_STRING_CATALOGS = YES;
				MTL_ENABLE_DEBUG_INFO = INCLUDE_SOURCE;
				MTL_FAST_MATH = YES;
				ONLY_ACTIVE_ARCH = YES;
				SDKROOT = iphoneos;
				SWIFT_ACTIVE_COMPILATION_CONDITIONS = "DEBUG $(inherited)";
				SWIFT_OPTIMIZATION_LEVEL = "-Onone";
			};
			name = Debug;
		};
		7B891D9B2F30293400281E70 /* Release */ = {
			isa = XCBuildConfiguration;
			buildSettings = {
				ALWAYS_SEARCH_USER_PATHS = NO;
				ASSETCATALOG_COMPILER_GENERATE_SWIFT_ASSET_SYMBOL_EXTENSIONS = YES;
				CLANG_ANALYZER_NONNULL = YES;
				CLANG_ANALYZER_NUMBER_OBJECT_CONVERSION = YES_AGGRESSIVE;
				CLANG_CXX_LANGUAGE_STANDARD = "gnu++20";
				CLANG_ENABLE_MODULES = YES;
				CLANG_ENABLE_OBJC_ARC = YES;
				CLANG_ENABLE_OBJC_WEAK = YES;
				CLANG_WARN_BLOCK_CAPTURE_AUTORELEASING = YES;
				CLANG_WARN_BOOL_CONVERSION = YES;
				CLANG_WARN_COMMA = YES;
				CLANG_WARN_CONSTANT_CONVERSION = YES;
				CLANG_WARN_DEPRECATED_OBJC_IMPLEMENTATIONS = YES;
				CLANG_WARN_DIRECT_OBJC_ISA_USAGE = YES_ERROR;
				CLANG_WARN_DOCUMENTATION_COMMENTS = YES;
				CLANG_WARN_EMPTY_BODY = YES;
				CLANG_WARN_ENUM_CONVERSION = YES;
				CLANG_WARN_INFINITE_RECURSION = YES;
				CLANG_WARN_INT_CONVERSION = YES;
				CLANG_WARN_NON_LITERAL_NULL_CONVERSION = YES;
				CLANG_WARN_OBJC_IMPLICIT_RETAIN_SELF = YES;
				CLANG_WARN_OBJC_LITERAL_CONVERSION = YES;
				CLANG_WARN_OBJC_ROOT_CLASS = YES_ERROR;
				CLANG_WARN_QUOTED_INCLUDE_IN_FRAMEWORK_HEADER = YES;
				CLANG_WARN_RANGE_LOOP_ANALYSIS = YES;
				CLANG_WARN_STRICT_PROTOTYPES = YES;
				CLANG_WARN_SUSPICIOUS_MOVE = YES;
				CLANG_WARN_UNGUARDED_AVAILABILITY = YES_AGGRESSIVE;
				CLANG_WARN_UNREACHABLE_CODE = YES;
				CLANG_WARN__DUPLICATE_METHOD_MATCH = YES;
				COPY_PHASE_STRIP = NO;
				DEBUG_INFORMATION_FORMAT = "dwarf-with-dsym";
				ENABLE_NS_ASSERTIONS = NO;
				ENABLE_STRICT_OBJC_MSGSEND = YES;
				ENABLE_USER_SCRIPT_SANDBOXING = YES;
				GCC_C_LANGUAGE_STANDARD = gnu17;
				GCC_NO_COMMON_BLOCKS = YES;
				GCC_WARN_64_TO_32_BIT_CONVERSION = YES;
				GCC_WARN_ABOUT_RETURN_TYPE = YES_ERROR;
				GCC_WARN_UNDECLARED_SELECTOR = YES;
				GCC_WARN_UNINITIALIZED_AUTOS = YES_AGGRESSIVE;
				GCC_WARN_UNUSED_FUNCTION = YES;
				GCC_WARN_UNUSED_VARIABLE = YES;
				IPHONEOS_DEPLOYMENT_TARGET = 18.5;
				LOCALIZATION_PREFERS_STRING_CATALOGS = YES;
				MTL_ENABLE_DEBUG_INFO = NO;
				MTL_FAST_MATH = YES;
				SDKROOT = iphoneos;
				SWIFT_COMPILATION_MODE = wholemodule;
				VALIDATE_PRODUCT = YES;
			};
			name = Release;
		};
		7B891D9D2F30293400281E70 /* Debug */ = {
			isa = XCBuildConfiguration;
			buildSettings = {
				ASSETCATALOG_COMPILER_APPICON_NAME = AppIcon;
				ASSETCATALOG_COMPILER_GLOBAL_ACCENT_COLOR_NAME = AccentColor;
				CODE_SIGN_STYLE = Automatic;
				CURRENT_PROJECT_VERSION = 1;
				ENABLE_PREVIEWS = YES;
				GENERATE_INFOPLIST_FILE = YES;
				INFOPLIST_KEY_NSUserTrackingUsageDescription = "Your data will be used to improve the app experience and for crash reporting.";
				INFOPLIST_KEY_UIApplicationSceneManifest_Generation = YES;
				INFOPLIST_KEY_UIApplicationSupportsIndirectInputEvents = YES;
				INFOPLIST_KEY_UILaunchScreen_Generation = YES;
				INFOPLIST_KEY_UISupportedInterfaceOrientations_iPad = "UIInterfaceOrientationPortrait UIInterfaceOrientationPortraitUpsideDown UIInterfaceOrientationLandscapeLeft UIInterfaceOrientationLandscapeRight";
				INFOPLIST_KEY_UISupportedInterfaceOrientations_iPhone = "UIInterfaceOrientationPortrait UIInterfaceOrientationLandscapeLeft UIInterfaceOrientationLandscapeRight";
				LD_RUNPATH_SEARCH_PATHS = (
					"$(inherited)",
					"@executable_path/Frameworks",
				);
				MARKETING_VERSION = 1.0;
				PRODUCT_BUNDLE_IDENTIFIER = "com.Privacy-First-Logic.Privacy-First-Logic";
				PRODUCT_NAME = "$(TARGET_NAME)";
				SWIFT_EMIT_LOC_STRINGS = YES;
				SWIFT_VERSION = 5.0;
				TARGETED_DEVICE_FAMILY = "1,2";
			};
			name = Debug;
		};
		7B891D9E2F30293400281E70 /* Release */ = {
			isa = XCBuildConfiguration;
			buildSettings = {
				ASSETCATALOG_COMPILER_APPICON_NAME = AppIcon;
				ASSETCATALOG_COMPILER_GLOBAL_ACCENT_COLOR_NAME = AccentColor;
				CODE_SIGN_STYLE = Automatic;
				CURRENT_PROJECT_VERSION = 1;
				ENABLE_PREVIEWS = YES;
				GENERATE_INFOPLIST_FILE = YES;
				INFOPLIST_KEY_NSUserTrackingUsageDescription = "Your data will be used to improve the app experience and for crash reporting.";
				INFOPLIST_KEY_UIApplicationSceneManifest_Generation = YES;
				INFOPLIST_KEY_UIApplicationSupportsIndirectInputEvents = YES;
				INFOPLIST_KEY_UILaunchScreen_Generation = YES;
				INFOPLIST_KEY_UISupportedInterfaceOrientations_iPad = "UIInterfaceOrientationPortrait UIInterfaceOrientationPortraitUpsideDown UIInterfaceOrientationLandscapeLeft UIInterfaceOrientationLandscapeRight";
				INFOPLIST_KEY_UISupportedInterfaceOrientations_iPhone = "UIInterfaceOrientationPortrait UIInterfaceOrientationLandscapeLeft UIInterfaceOrientationLandscapeRight";
				LD_RUNPATH_SEARCH_PATHS = (
					"$(inherited)",
					"@executable_path/Frameworks",
				);
				MARKETING_VERSION = 1.0;
				PRODUCT_BUNDLE_IDENTIFIER = "com.Privacy-First-Logic.Privacy-First-Logic";
				PRODUCT_NAME = "$(TARGET_NAME)";
				SWIFT_EMIT_LOC_STRINGS = YES;
				SWIFT_VERSION = 5.0;
				TARGETED_DEVICE_FAMILY = "1,2";
			};
			name = Release;
		};
		7B891DA02F30293400281E70 /* Debug */ = {
			isa = XCBuildConfiguration;
			buildSettings = {
				BUNDLE_LOADER = "$(TEST_HOST)";
				CODE_SIGN_STYLE = Automatic;
				CURRENT_PROJECT_VERSION = 1;
				GENERATE_INFOPLIST_FILE = YES;
				IPHONEOS_DEPLOYMENT_TARGET = 18.5;
				MARKETING_VERSION = 1.0;
				PRODUCT_BUNDLE_IDENTIFIER = "com.Privacy-First-Logic.Privacy-First-LogicTests";
				PRODUCT_NAME = "$(TARGET_NAME)";
				SWIFT_EMIT_LOC_STRINGS = NO;
				SWIFT_VERSION = 5.0;
				TARGETED_DEVICE_FAMILY = "1,2";
				TEST_HOST = "$(BUILT_PRODUCTS_DIR)/Privacy-First Logic.app/$(BUNDLE_EXECUTABLE_FOLDER_PATH)/Privacy-First Logic";
			};
			name = Debug;
		};
		7B891DA12F30293400281E70 /* Release */ = {
			isa = XCBuildConfiguration;
			buildSettings = {
				BUNDLE_LOADER = "$(TEST_HOST)";
				CODE_SIGN_STYLE = Automatic;
				CURRENT_PROJECT_VERSION = 1;
				GENERATE_INFOPLIST_FILE = YES;
				IPHONEOS_DEPLOYMENT_TARGET = 18.5;
				MARKETING_VERSION = 1.0;
				PRODUCT_BUNDLE_IDENTIFIER = "com.Privacy-First-Logic.Privacy-First-LogicTests";
				PRODUCT_NAME = "$(TARGET_NAME)";
				SWIFT_EMIT_LOC_STRINGS = NO;
				SWIFT_VERSION = 5.0;
				TARGETED_DEVICE_FAMILY = "1,2";
				TEST_HOST = "$(BUILT_PRODUCTS_DIR)/Privacy-First Logic.app/$(BUNDLE_EXECUTABLE_FOLDER_PATH)/Privacy-First Logic";
			};
			name = Release;
		};
		7B891DA32F30293400281E70 /* Debug */ = {
			isa = XCBuildConfiguration;
			buildSettings = {
				CODE_SIGN_STYLE = Automatic;
				CURRENT_PROJECT_VERSION = 1;
				GENERATE_INFOPLIST_FILE = YES;
				MARKETING_VERSION = 1.0;
				PRODUCT_BUNDLE_IDENTIFIER = "com.Privacy-First-Logic.Privacy-First-LogicUITests";
				PRODUCT_NAME = "$(TARGET_NAME)";
				SWIFT_EMIT_LOC_STRINGS = NO;
				SWIFT_VERSION = 5.0;
				TARGETED_DEVICE_FAMILY = "1,2";
				TEST_TARGET_NAME = "Privacy-First Logic";
			};
			name = Debug;
		};
		7B891DA42F30293400281E70 /* Release */ = {
			isa = XCBuildConfiguration;
			buildSettings = {
				CODE_SIGN_STYLE = Automatic;
				CURRENT_PROJECT_VERSION = 1;
				GENERATE_INFOPLIST_FILE = YES;
				MARKETING_VERSION = 1.0;
				PRODUCT_BUNDLE_IDENTIFIER = "com.Privacy-First-Logic.Privacy-First-LogicUITests";
				PRODUCT_NAME = "$(TARGET_NAME)";
				SWIFT_EMIT_LOC_STRINGS = NO;
				SWIFT_VERSION = 5.0;
				TARGETED_DEVICE_FAMILY = "1,2";
				TEST_TARGET_NAME = "Privacy-First Logic";
			};
			name = Release;
		};
/* End XCBuildConfiguration section */

/* Begin XCConfigurationList section */
		7B891D762F30293000281E70 /* Build configuration list for PBXProject "Privacy-First Logic" */ = {
			isa = XCConfigurationList;
			buildConfigurations = (
				7B891D9A2F30293400281E70 /* Debug */,
				7B891D9B2F30293400281E70 /* Release */,
			);
			defaultConfigurationIsVisible = 0;
			defaultConfigurationName = Release;
		};
		7B891D9C2F30293400281E70 /* Build configuration list for PBXNativeTarget "Privacy-First Logic" */ = {
			isa = XCConfigurationList;
			buildConfigurations = (
				7B891D9D2F30293400281E70 /* Debug */,
				7B891D9E2F30293400281E70 /* Release */,
			);
			defaultConfigurationIsVisible = 0;
			defaultConfigurationName = Release;
		};
		7B891D9F2F30293400281E70 /* Build configuration list for PBXNativeTarget "Privacy-First LogicTests" */ = {
			isa = XCConfigurationList;
			buildConfigurations = (
				7B891DA02F30293400281E70 /* Debug */,
				7B891DA12F30293400281E70 /* Release */,
			);
			defaultConfigurationIsVisible = 0;
			defaultConfigurationName = Release;
		};
		7B891DA22F30293400281E70 /* Build configuration list for PBXNativeTarget "Privacy-First LogicUITests" */ = {
			isa = XCConfigurationList;
			buildConfigurations = (
				7B891DA32F30293400281E70 /* Debug */,
				7B891DA42F30293400281E70 /* Release */,
			);
			defaultConfigurationIsVisible = 0;
			defaultConfigurationName = Release;
		};
/* End XCConfigurationList section */
	};
	rootObject = 7B891D732F30293000281E70 /* Project object */;
}
